
Microsoft Visual Studio Solution File, Format Version 12.00
# Visual Studio Version 16
VisualStudioVersion = 16.0.32228.343
MinimumVisualStudioVersion = 10.0.40219.1
Project("{FAE04EC0-301F-11D3-BF4B-00C04F79EFBC}") = "lap3_TranHoangQuan_BigSchool", "lap3_TranHoangQuan_BigSchool\lap3_TranHoangQuan_BigSchool.csproj", "{1E30306D-C709-4D44-BE2D-AC27A1CCC6D2}"
EndProject
Global
	GlobalSection(SolutionConfigurationPlatforms) = preSolution
		Debug|Any CPU = Debug|Any CPU
		Release|Any CPU = Release|Any CPU
	EndGlobalSection
	GlobalSection(ProjectConfigurationPlatforms) = postSolution
		{1E30306D-C709-4D44-BE2D-AC27A1CCC6D2}.Debug|Any CPU.ActiveCfg = Debug|Any CPU
		{1E30306D-C709-4D44-BE2D-AC27A1CCC6D2}.Debug|Any CPU.Build.0 = Debug|Any CPU
		{1E30306D-C709-4D44-BE2D-AC27A1CCC6D2}.Release|Any CPU.ActiveCfg = Release|Any CPU
		{1E30306D-C709-4D44-BE2D-AC27A1CCC6D2}.Release|Any CPU.Build.0 = Release|Any CPU
	EndGlobalSection
	GlobalSection(SolutionProperties) = preSolution
		HideSolutionNode = FALSE
	EndGlobalSection
	GlobalSection(ExtensibilityGlobals) = postSolution
		SolutionGuid = {8FBEBE6A-A9C0-4656-9C60-BB75D8B0267A}
	EndGlobalSection
EndGlobal
